Microsoft Visual Studio Solution File, Format Version 7.00
Project("{FAE04EC0-301F-11D3-BF4B-00C04F79EFBC}") = "Bamboo.Prevalence.Examples.ToDoList", "Bamboo.Prevalence.Examples.ToDoList.csproj", "{B74621EB-A62A-4802-A9E0-A7D24A23F133}"
EndProject
Global
	GlobalSection(SolutionConfiguration) = preSolution
		ConfigName.0 = Debug
		ConfigName.1 = Release
	EndGlobalSection
	GlobalSection(ProjectDependencies) = postSolution
	EndGlobalSection
	GlobalSection(ProjectConfiguration) = postSolution
		{B74621EB-A62A-4802-A9E0-A7D24A23F133}.Debug.ActiveCfg = Debug|.NET
		{B74621EB-A62A-4802-A9E0-A7D24A23F133}.Debug.Build.0 = Debug|.NET
		{B74621EB-A62A-4802-A9E0-A7D24A23F133}.Release.ActiveCfg = Release|.NET
		{B74621EB-A62A-4802-A9E0-A7D24A23F133}.Release.Build.0 = Release|.NET
	EndGlobalSection
	GlobalSection(ExtensibilityGlobals) = postSolution
	EndGlobalSection
	GlobalSection(ExtensibilityAddIns) = postSolution
	EndGlobalSection
EndGlobal
