Microsoft Visual Studio Solution File, Format Version 8.00
Project("{FAE04EC0-301F-11D3-BF4B-00C04F79EFBC}") = "Bamboo.Prevalence.VersionMigration", "Tools\VersionMigration\src\Bamboo.Prevalence.VersionMigration\Bamboo.Prevalence.VersionMigration.csproj", "{5F516F0A-1FB4-4764-B1ED-F3E1D512A699}"
	ProjectSection(ProjectDependencies) = postProject
	EndProjectSection
EndProject
Project("{FAE04EC0-301F-11D3-BF4B-00C04F79EFBC}") = "VersionMigrator", "Tools\VersionMigration\src\VersionMigrator\VersionMigrator.csproj", "{EDEDC715-43F4-4B86-AE98-BEFE3876F814}"
	ProjectSection(ProjectDependencies) = postProject
	EndProjectSection
EndProject
Project("{FAE04EC0-301F-11D3-BF4B-00C04F79EFBC}") = "SamplePrevalentSystem1.0", "Tools\VersionMigration\src\SamplePrevalentSystem10\SamplePrevalentSystem1.0.csproj", "{F7AD2111-EA43-42E4-9CD6-F3C7D48EBCD8}"
	ProjectSection(ProjectDependencies) = postProject
	EndProjectSection
EndProject
Project("{FAE04EC0-301F-11D3-BF4B-00C04F79EFBC}") = "SamplePrevalentSystem2.0", "Tools\VersionMigration\src\SamplePrevalentSystem20\SamplePrevalentSystem2.0.csproj", "{F7744D9E-69CB-414D-AE91-04EDD8374E49}"
	ProjectSection(ProjectDependencies) = postProject
	EndProjectSection
EndProject
Project("{FAE04EC0-301F-11D3-BF4B-00C04F79EFBC}") = "SetUpData10", "Tools\VersionMigration\src\SetUpData10\SetUpData10.csproj", "{EBDF4DB2-EC8A-486F-ADA7-D08AC751B5B2}"
	ProjectSection(ProjectDependencies) = postProject
	EndProjectSection
EndProject
Project("{FAE04EC0-301F-11D3-BF4B-00C04F79EFBC}") = "TestData20", "Tools\VersionMigration\src\TestData20\TestData20.csproj", "{40546098-7042-4691-909D-AF223D2B6319}"
	ProjectSection(ProjectDependencies) = postProject
	EndProjectSection
EndProject
Project("{FAE04EC0-301F-11D3-BF4B-00C04F79EFBC}") = "Bamboo.Prevalence.VersionMigration.Tests", "Tools\VersionMigration\src\Bamboo.Prevalence.VersionMigration.Tests\Bamboo.Prevalence.VersionMigration.Tests.csproj", "{58BADCA3-6B14-4DAD-A80D-36B257A4F963}"
	ProjectSection(ProjectDependencies) = postProject
	EndProjectSection
EndProject
Project("{FAE04EC0-301F-11D3-BF4B-00C04F79EFBC}") = "VersionMigratorGUI", "Tools\VersionMigration\src\VersionMigratorGUI\VersionMigratorGUI.csproj", "{164386A7-B7FE-4EAF-8487-40DBBCBE1585}"
	ProjectSection(ProjectDependencies) = postProject
	EndProjectSection
EndProject
Project("{FAE04EC0-301F-11D3-BF4B-00C04F79EFBC}") = "Bamboo.Prevalence", "src\Bamboo.Prevalence\Bamboo.Prevalence.csproj", "{BA30B295-66F0-4C15-84C7-41B9C6BE6131}"
	ProjectSection(ProjectDependencies) = postProject
	EndProjectSection
EndProject
Project("{FAE04EC0-301F-11D3-BF4B-00C04F79EFBC}") = "Bamboo.Prevalence.Indexing", "src\Bamboo.Prevalence.Indexing\Bamboo.Prevalence.Indexing.csproj", "{9C5CF44A-9C33-4F84-A895-344A6B12813D}"
	ProjectSection(ProjectDependencies) = postProject
	EndProjectSection
EndProject
Project("{FAE04EC0-301F-11D3-BF4B-00C04F79EFBC}") = "Bamboo.Prevalence.XPath", "src\Bamboo.Prevalence.XPath\Bamboo.Prevalence.XPath.csproj", "{979A7FE5-8B75-462D-834A-E7F893D950A8}"
	ProjectSection(ProjectDependencies) = postProject
	EndProjectSection
EndProject
Project("{FAE04EC0-301F-11D3-BF4B-00C04F79EFBC}") = "Bamboo.Prevalence.XPath.Tests", "src\Bamboo.Prevalence.XPath.Tests\Bamboo.Prevalence.XPath.Tests.csproj", "{341A1F4D-289C-415F-BDCA-3B2AA38A7BBB}"
	ProjectSection(ProjectDependencies) = postProject
	EndProjectSection
EndProject
Project("{FAE04EC0-301F-11D3-BF4B-00C04F79EFBC}") = "Bamboo.Prevalence.Indexing.Tests", "src\Bamboo.Prevalence.Indexing.Tests\Bamboo.Prevalence.Indexing.Tests.csproj", "{9258A316-B31F-4A5F-8A8C-AB77FDD7C9EF}"
	ProjectSection(ProjectDependencies) = postProject
	EndProjectSection
EndProject
Project("{FAE04EC0-301F-11D3-BF4B-00C04F79EFBC}") = "Bamboo.Prevalence.Util.Tests", "src\Bamboo.Prevalence.Util.Tests\Bamboo.Prevalence.Util.Tests.csproj", "{5ACA07B5-0EAF-4833-A4E8-5FD390FD82BB}"
	ProjectSection(ProjectDependencies) = postProject
	EndProjectSection
EndProject
Project("{FAE04EC0-301F-11D3-BF4B-00C04F79EFBC}") = "Bamboo.Prevalence.Util", "src\Bamboo.Prevalence.Util\Bamboo.Prevalence.Util.csproj", "{057BC383-AEA4-4A03-B1FC-9401FE42F382}"
	ProjectSection(ProjectDependencies) = postProject
	EndProjectSection
EndProject
Project("{FAE04EC0-301F-11D3-BF4B-00C04F79EFBC}") = "Bamboo.Prevalence.Tests", "src\Bamboo.Prevalence.Tests\Bamboo.Prevalence.Tests.csproj", "{6D730430-8180-497D-B7F0-76B01E6ECF5C}"
	ProjectSection(ProjectDependencies) = postProject
	EndProjectSection
EndProject
Project("{FAE04EC0-301F-11D3-BF4B-00C04F79EFBC}") = "Bamboo.Prevalence.Collections.Tests", "src\Bamboo.Prevalence.Collections.Tests\Bamboo.Prevalence.Collections.Tests.csproj", "{99F4E694-730F-472A-9420-05716E071CCA}"
	ProjectSection(ProjectDependencies) = postProject
	EndProjectSection
EndProject
Project("{FAE04EC0-301F-11D3-BF4B-00C04F79EFBC}") = "Bamboo.Prevalence.Collections", "src\Bamboo.Prevalence.Collections\Bamboo.Prevalence.Collections.csproj", "{415DEA3C-8AF4-4447-9A48-F54EC50C5780}"
	ProjectSection(ProjectDependencies) = postProject
	EndProjectSection
EndProject
Global
	GlobalSection(SolutionConfiguration) = preSolution
		Debug = Debug
		Release = Release
	EndGlobalSection
	GlobalSection(ProjectConfiguration) = postSolution
		{5F516F0A-1FB4-4764-B1ED-F3E1D512A699}.Debug.ActiveCfg = Debug|.NET
		{5F516F0A-1FB4-4764-B1ED-F3E1D512A699}.Debug.Build.0 = Debug|.NET
		{5F516F0A-1FB4-4764-B1ED-F3E1D512A699}.Release.ActiveCfg = Release|.NET
		{5F516F0A-1FB4-4764-B1ED-F3E1D512A699}.Release.Build.0 = Release|.NET
		{EDEDC715-43F4-4B86-AE98-BEFE3876F814}.Debug.ActiveCfg = Debug|.NET
		{EDEDC715-43F4-4B86-AE98-BEFE3876F814}.Debug.Build.0 = Debug|.NET
		{EDEDC715-43F4-4B86-AE98-BEFE3876F814}.Release.ActiveCfg = Release|.NET
		{EDEDC715-43F4-4B86-AE98-BEFE3876F814}.Release.Build.0 = Release|.NET
		{F7AD2111-EA43-42E4-9CD6-F3C7D48EBCD8}.Debug.ActiveCfg = Debug|.NET
		{F7AD2111-EA43-42E4-9CD6-F3C7D48EBCD8}.Debug.Build.0 = Debug|.NET
		{F7AD2111-EA43-42E4-9CD6-F3C7D48EBCD8}.Release.ActiveCfg = Release|.NET
		{F7AD2111-EA43-42E4-9CD6-F3C7D48EBCD8}.Release.Build.0 = Release|.NET
		{F7744D9E-69CB-414D-AE91-04EDD8374E49}.Debug.ActiveCfg = Debug|.NET
		{F7744D9E-69CB-414D-AE91-04EDD8374E49}.Debug.Build.0 = Debug|.NET
		{F7744D9E-69CB-414D-AE91-04EDD8374E49}.Release.ActiveCfg = Release|.NET
		{F7744D9E-69CB-414D-AE91-04EDD8374E49}.Release.Build.0 = Release|.NET
		{EBDF4DB2-EC8A-486F-ADA7-D08AC751B5B2}.Debug.ActiveCfg = Debug|.NET
		{EBDF4DB2-EC8A-486F-ADA7-D08AC751B5B2}.Debug.Build.0 = Debug|.NET
		{EBDF4DB2-EC8A-486F-ADA7-D08AC751B5B2}.Release.ActiveCfg = Release|.NET
		{EBDF4DB2-EC8A-486F-ADA7-D08AC751B5B2}.Release.Build.0 = Release|.NET
		{40546098-7042-4691-909D-AF223D2B6319}.Debug.ActiveCfg = Debug|.NET
		{40546098-7042-4691-909D-AF223D2B6319}.Debug.Build.0 = Debug|.NET
		{40546098-7042-4691-909D-AF223D2B6319}.Release.ActiveCfg = Release|.NET
		{40546098-7042-4691-909D-AF223D2B6319}.Release.Build.0 = Release|.NET
		{58BADCA3-6B14-4DAD-A80D-36B257A4F963}.Debug.ActiveCfg = Debug|.NET
		{58BADCA3-6B14-4DAD-A80D-36B257A4F963}.Debug.Build.0 = Debug|.NET
		{58BADCA3-6B14-4DAD-A80D-36B257A4F963}.Release.ActiveCfg = Release|.NET
		{58BADCA3-6B14-4DAD-A80D-36B257A4F963}.Release.Build.0 = Release|.NET
		{164386A7-B7FE-4EAF-8487-40DBBCBE1585}.Debug.ActiveCfg = Debug|.NET
		{164386A7-B7FE-4EAF-8487-40DBBCBE1585}.Debug.Build.0 = Debug|.NET
		{164386A7-B7FE-4EAF-8487-40DBBCBE1585}.Release.ActiveCfg = Release|.NET
		{164386A7-B7FE-4EAF-8487-40DBBCBE1585}.Release.Build.0 = Release|.NET
		{BA30B295-66F0-4C15-84C7-41B9C6BE6131}.Debug.ActiveCfg = Debug|.NET
		{BA30B295-66F0-4C15-84C7-41B9C6BE6131}.Debug.Build.0 = Debug|.NET
		{BA30B295-66F0-4C15-84C7-41B9C6BE6131}.Release.ActiveCfg = Release|.NET
		{BA30B295-66F0-4C15-84C7-41B9C6BE6131}.Release.Build.0 = Release|.NET
		{9C5CF44A-9C33-4F84-A895-344A6B12813D}.Debug.ActiveCfg = Debug|.NET
		{9C5CF44A-9C33-4F84-A895-344A6B12813D}.Debug.Build.0 = Debug|.NET
		{9C5CF44A-9C33-4F84-A895-344A6B12813D}.Release.ActiveCfg = Release|.NET
		{9C5CF44A-9C33-4F84-A895-344A6B12813D}.Release.Build.0 = Release|.NET
		{979A7FE5-8B75-462D-834A-E7F893D950A8}.Debug.ActiveCfg = Debug|.NET
		{979A7FE5-8B75-462D-834A-E7F893D950A8}.Debug.Build.0 = Debug|.NET
		{979A7FE5-8B75-462D-834A-E7F893D950A8}.Release.ActiveCfg = Release|.NET
		{979A7FE5-8B75-462D-834A-E7F893D950A8}.Release.Build.0 = Release|.NET
		{341A1F4D-289C-415F-BDCA-3B2AA38A7BBB}.Debug.ActiveCfg = Debug|.NET
		{341A1F4D-289C-415F-BDCA-3B2AA38A7BBB}.Debug.Build.0 = Debug|.NET
		{341A1F4D-289C-415F-BDCA-3B2AA38A7BBB}.Release.ActiveCfg = Release|.NET
		{341A1F4D-289C-415F-BDCA-3B2AA38A7BBB}.Release.Build.0 = Release|.NET
		{9258A316-B31F-4A5F-8A8C-AB77FDD7C9EF}.Debug.ActiveCfg = Debug|.NET
		{9258A316-B31F-4A5F-8A8C-AB77FDD7C9EF}.Debug.Build.0 = Debug|.NET
		{9258A316-B31F-4A5F-8A8C-AB77FDD7C9EF}.Release.ActiveCfg = Release|.NET
		{9258A316-B31F-4A5F-8A8C-AB77FDD7C9EF}.Release.Build.0 = Release|.NET
		{5ACA07B5-0EAF-4833-A4E8-5FD390FD82BB}.Debug.ActiveCfg = Debug|.NET
		{5ACA07B5-0EAF-4833-A4E8-5FD390FD82BB}.Debug.Build.0 = Debug|.NET
		{5ACA07B5-0EAF-4833-A4E8-5FD390FD82BB}.Release.ActiveCfg = Release|.NET
		{5ACA07B5-0EAF-4833-A4E8-5FD390FD82BB}.Release.Build.0 = Release|.NET
		{057BC383-AEA4-4A03-B1FC-9401FE42F382}.Debug.ActiveCfg = Debug|.NET
		{057BC383-AEA4-4A03-B1FC-9401FE42F382}.Debug.Build.0 = Debug|.NET
		{057BC383-AEA4-4A03-B1FC-9401FE42F382}.Release.ActiveCfg = Release|.NET
		{057BC383-AEA4-4A03-B1FC-9401FE42F382}.Release.Build.0 = Release|.NET
		{6D730430-8180-497D-B7F0-76B01E6ECF5C}.Debug.ActiveCfg = Debug|.NET
		{6D730430-8180-497D-B7F0-76B01E6ECF5C}.Debug.Build.0 = Debug|.NET
		{6D730430-8180-497D-B7F0-76B01E6ECF5C}.Release.ActiveCfg = Release|.NET
		{6D730430-8180-497D-B7F0-76B01E6ECF5C}.Release.Build.0 = Release|.NET
		{99F4E694-730F-472A-9420-05716E071CCA}.Debug.ActiveCfg = Debug|.NET
		{99F4E694-730F-472A-9420-05716E071CCA}.Debug.Build.0 = Debug|.NET
		{99F4E694-730F-472A-9420-05716E071CCA}.Release.ActiveCfg = Release|.NET
		{99F4E694-730F-472A-9420-05716E071CCA}.Release.Build.0 = Release|.NET
		{415DEA3C-8AF4-4447-9A48-F54EC50C5780}.Debug.ActiveCfg = Debug|.NET
		{415DEA3C-8AF4-4447-9A48-F54EC50C5780}.Debug.Build.0 = Debug|.NET
		{415DEA3C-8AF4-4447-9A48-F54EC50C5780}.Release.ActiveCfg = Release|.NET
		{415DEA3C-8AF4-4447-9A48-F54EC50C5780}.Release.Build.0 = Release|.NET
	EndGlobalSection
	GlobalSection(ExtensibilityGlobals) = postSolution
	EndGlobalSection
	GlobalSection(ExtensibilityAddIns) = postSolution
	EndGlobalSection
EndGlobal
