Microsoft Visual Studio Solution File, Format Version 7.00
Project("{FAE04EC0-301F-11D3-BF4B-00C04F79EFBC}") = "CompanySample", "CompanySample.csproj", "{278E43BF-1239-4892-93B2-37FD07D1A738}"
EndProject
Global
	GlobalSection(SolutionConfiguration) = preSolution
		ConfigName.0 = Debug
		ConfigName.1 = Release
	EndGlobalSection
	GlobalSection(ProjectDependencies) = postSolution
	EndGlobalSection
	GlobalSection(ProjectConfiguration) = postSolution
		{278E43BF-1239-4892-93B2-37FD07D1A738}.Debug.ActiveCfg = Debug|.NET
		{278E43BF-1239-4892-93B2-37FD07D1A738}.Debug.Build.0 = Debug|.NET
		{278E43BF-1239-4892-93B2-37FD07D1A738}.Release.ActiveCfg = Release|.NET
		{278E43BF-1239-4892-93B2-37FD07D1A738}.Release.Build.0 = Release|.NET
	EndGlobalSection
	GlobalSection(ExtensibilityGlobals) = postSolution
	EndGlobalSection
	GlobalSection(ExtensibilityAddIns) = postSolution
	EndGlobalSection
EndGlobal
