Microsoft Visual Studio Solution File, Format Version 7.00
Project("{FAE04EC0-301F-11D3-BF4B-00C04F79EFBC}") = "ObjectOperations", "ObjectOperations.csproj", "{D3ED78AB-5EA6-438A-BEC7-CC9F396DBB22}"
EndProject
Global
	GlobalSection(SolutionConfiguration) = preSolution
		ConfigName.0 = Debug
		ConfigName.1 = Release
	EndGlobalSection
	GlobalSection(ProjectDependencies) = postSolution
	EndGlobalSection
	GlobalSection(ProjectConfiguration) = postSolution
		{D3ED78AB-5EA6-438A-BEC7-CC9F396DBB22}.Debug.ActiveCfg = Debug|.NET
		{D3ED78AB-5EA6-438A-BEC7-CC9F396DBB22}.Debug.Build.0 = Debug|.NET
		{D3ED78AB-5EA6-438A-BEC7-CC9F396DBB22}.Release.ActiveCfg = Release|.NET
		{D3ED78AB-5EA6-438A-BEC7-CC9F396DBB22}.Release.Build.0 = Release|.NET
	EndGlobalSection
	GlobalSection(ExtensibilityGlobals) = postSolution
	EndGlobalSection
	GlobalSection(ExtensibilityAddIns) = postSolution
	EndGlobalSection
EndGlobal
