Microsoft Visual Studio Solution File, Format Version 7.00
Project("{FAE04EC0-301F-11D3-BF4B-00C04F79EFBC}") = "Bamboo.Prevalence", "Bamboo.Prevalence\Bamboo.Prevalence.csproj", "{BA30B295-66F0-4C15-84C7-41B9C6BE6131}"
EndProject
Project("{FAE04EC0-301F-11D3-BF4B-00C04F79EFBC}") = "Bamboo.Prevalence.Tests", "Bamboo.Prevalence.Tests\Bamboo.Prevalence.Tests.csproj", "{6D730430-8180-497D-B7F0-76B01E6ECF5C}"
EndProject
Global
	GlobalSection(SolutionConfiguration) = preSolution
		ConfigName.0 = Debug
		ConfigName.1 = Release
	EndGlobalSection
	GlobalSection(ProjectDependencies) = postSolution
	EndGlobalSection
	GlobalSection(ProjectConfiguration) = postSolution
		{BA30B295-66F0-4C15-84C7-41B9C6BE6131}.Debug.ActiveCfg = Debug|.NET
		{BA30B295-66F0-4C15-84C7-41B9C6BE6131}.Debug.Build.0 = Debug|.NET
		{BA30B295-66F0-4C15-84C7-41B9C6BE6131}.Release.ActiveCfg = Release|.NET
		{BA30B295-66F0-4C15-84C7-41B9C6BE6131}.Release.Build.0 = Release|.NET
		{6D730430-8180-497D-B7F0-76B01E6ECF5C}.Debug.ActiveCfg = Debug|.NET
		{6D730430-8180-497D-B7F0-76B01E6ECF5C}.Debug.Build.0 = Debug|.NET
		{6D730430-8180-497D-B7F0-76B01E6ECF5C}.Release.ActiveCfg = Release|.NET
		{6D730430-8180-497D-B7F0-76B01E6ECF5C}.Release.Build.0 = Release|.NET
	EndGlobalSection
	GlobalSection(ExtensibilityGlobals) = postSolution
	EndGlobalSection
	GlobalSection(ExtensibilityAddIns) = postSolution
	EndGlobalSection
EndGlobal
