Microsoft Visual Studio Solution File, Format Version 7.00
Project("{FAE04EC0-301F-11D3-BF4B-00C04F79EFBC}") = "Bamboo.Prevalence.Indexing.Tests", "Bamboo.Prevalence.Indexing.Tests\Bamboo.Prevalence.Indexing.Tests.csproj", "{9258A316-B31F-4A5F-8A8C-AB77FDD7C9EF}"
EndProject
Project("{FAE04EC0-301F-11D3-BF4B-00C04F79EFBC}") = "Bamboo.Prevalence.Indexing", "Bamboo.Prevalence.Indexing\Bamboo.Prevalence.Indexing.csproj", "{9C5CF44A-9C33-4F84-A895-344A6B12813D}"
EndProject
Project("{FAE04EC0-301F-11D3-BF4B-00C04F79EFBC}") = "Bamboo.Prevalence.VersionMigration", "..\Tools\VersionMigration\src\Bamboo.Prevalence.VersionMigration\Bamboo.Prevalence.VersionMigration.csproj", "{5F516F0A-1FB4-4764-B1ED-F3E1D512A699}"
EndProject
Global
	GlobalSection(SolutionConfiguration) = preSolution
		ConfigName.0 = Debug
		ConfigName.1 = Release
	EndGlobalSection
	GlobalSection(ProjectDependencies) = postSolution
	EndGlobalSection
	GlobalSection(ProjectConfiguration) = postSolution
		{9258A316-B31F-4A5F-8A8C-AB77FDD7C9EF}.Debug.ActiveCfg = Debug|.NET
		{9258A316-B31F-4A5F-8A8C-AB77FDD7C9EF}.Debug.Build.0 = Debug|.NET
		{9258A316-B31F-4A5F-8A8C-AB77FDD7C9EF}.Release.ActiveCfg = Release|.NET
		{9258A316-B31F-4A5F-8A8C-AB77FDD7C9EF}.Release.Build.0 = Release|.NET
		{9C5CF44A-9C33-4F84-A895-344A6B12813D}.Debug.ActiveCfg = Debug|.NET
		{9C5CF44A-9C33-4F84-A895-344A6B12813D}.Debug.Build.0 = Debug|.NET
		{9C5CF44A-9C33-4F84-A895-344A6B12813D}.Release.ActiveCfg = Release|.NET
		{9C5CF44A-9C33-4F84-A895-344A6B12813D}.Release.Build.0 = Release|.NET
		{5F516F0A-1FB4-4764-B1ED-F3E1D512A699}.Debug.ActiveCfg = Debug|.NET
		{5F516F0A-1FB4-4764-B1ED-F3E1D512A699}.Debug.Build.0 = Debug|.NET
		{5F516F0A-1FB4-4764-B1ED-F3E1D512A699}.Release.ActiveCfg = Release|.NET
		{5F516F0A-1FB4-4764-B1ED-F3E1D512A699}.Release.Build.0 = Release|.NET
	EndGlobalSection
	GlobalSection(ExtensibilityGlobals) = postSolution
	EndGlobalSection
	GlobalSection(ExtensibilityAddIns) = postSolution
	EndGlobalSection
EndGlobal
