Microsoft Visual Studio Solution File, Format Version 7.00
Project("{FAE04EC0-301F-11D3-BF4B-00C04F79EFBC}") = "Bamboo.Prevalence.Indexing.Tests", "Bamboo.Prevalence.Indexing.Tests\Bamboo.Prevalence.Indexing.Tests.csproj", "{9258A316-B31F-4A5F-8A8C-AB77FDD7C9EF}"
EndProject
Project("{FAE04EC0-301F-11D3-BF4B-00C04F79EFBC}") = "Bamboo.Prevalence.Indexing", "Bamboo.Prevalence.Indexing\Bamboo.Prevalence.Indexing.csproj", "{9C5CF44A-9C33-4F84-A895-344A6B12813D}"
EndProject
Project("{FAE04EC0-301F-11D3-BF4B-00C04F79EFBC}") = "Bamboo.Prevalence.VersionMigration", "..\Tools\VersionMigration\src\Bamboo.Prevalence.VersionMigration\Bamboo.Prevalence.VersionMigration.csproj", "{5F516F0A-1FB4-4764-B1ED-F3E1D512A699}"
EndProject
Project("{FAE04EC0-301F-11D3-BF4B-00C04F79EFBC}") = "Bamboo.Prevalence.XPath", "Bamboo.Prevalence.XPath\Bamboo.Prevalence.XPath.csproj", "{979A7FE5-8B75-462D-834A-E7F893D950A8}"
EndProject
Project("{FAE04EC0-301F-11D3-BF4B-00C04F79EFBC}") = "Bamboo.Prevalence.XPath.Tests", "Bamboo.Prevalence.XPath.Tests\Bamboo.Prevalence.XPath.Tests.csproj", "{341A1F4D-289C-415F-BDCA-3B2AA38A7BBB}"
EndProject
Project("{FAE04EC0-301F-11D3-BF4B-00C04F79EFBC}") = "Bamboo.Prevalence", "Bamboo.Prevalence\Bamboo.Prevalence.csproj", "{BA30B295-66F0-4C15-84C7-41B9C6BE6131}"
EndProject
Project("{FAE04EC0-301F-11D3-BF4B-00C04F79EFBC}") = "Bamboo.Prevalence.Collections", "Bamboo.Prevalence.Collections\Bamboo.Prevalence.Collections.csproj", "{415DEA3C-8AF4-4447-9A48-F54EC50C5780}"
EndProject
Project("{FAE04EC0-301F-11D3-BF4B-00C04F79EFBC}") = "Bamboo.Prevalence.Collections.Tests", "Bamboo.Prevalence.Collections.Tests\Bamboo.Prevalence.Collections.Tests.csproj", "{99F4E694-730F-472A-9420-05716E071CCA}"
EndProject
Global
	GlobalSection(SolutionConfiguration) = preSolution
		ConfigName.0 = Debug
		ConfigName.1 = Release
	EndGlobalSection
	GlobalSection(ProjectDependencies) = postSolution
	EndGlobalSection
	GlobalSection(ProjectConfiguration) = postSolution
		{9258A316-B31F-4A5F-8A8C-AB77FDD7C9EF}.Debug.ActiveCfg = Debug|.NET
		{9258A316-B31F-4A5F-8A8C-AB77FDD7C9EF}.Debug.Build.0 = Debug|.NET
		{9258A316-B31F-4A5F-8A8C-AB77FDD7C9EF}.Release.ActiveCfg = Release|.NET
		{9258A316-B31F-4A5F-8A8C-AB77FDD7C9EF}.Release.Build.0 = Release|.NET
		{9C5CF44A-9C33-4F84-A895-344A6B12813D}.Debug.ActiveCfg = Debug|.NET
		{9C5CF44A-9C33-4F84-A895-344A6B12813D}.Debug.Build.0 = Debug|.NET
		{9C5CF44A-9C33-4F84-A895-344A6B12813D}.Release.ActiveCfg = Release|.NET
		{9C5CF44A-9C33-4F84-A895-344A6B12813D}.Release.Build.0 = Release|.NET
		{5F516F0A-1FB4-4764-B1ED-F3E1D512A699}.Debug.ActiveCfg = Debug|.NET
		{5F516F0A-1FB4-4764-B1ED-F3E1D512A699}.Debug.Build.0 = Debug|.NET
		{5F516F0A-1FB4-4764-B1ED-F3E1D512A699}.Release.ActiveCfg = Release|.NET
		{5F516F0A-1FB4-4764-B1ED-F3E1D512A699}.Release.Build.0 = Release|.NET
		{979A7FE5-8B75-462D-834A-E7F893D950A8}.Debug.ActiveCfg = Debug|.NET
		{979A7FE5-8B75-462D-834A-E7F893D950A8}.Debug.Build.0 = Debug|.NET
		{979A7FE5-8B75-462D-834A-E7F893D950A8}.Release.ActiveCfg = Release|.NET
		{979A7FE5-8B75-462D-834A-E7F893D950A8}.Release.Build.0 = Release|.NET
		{341A1F4D-289C-415F-BDCA-3B2AA38A7BBB}.Debug.ActiveCfg = Debug|.NET
		{341A1F4D-289C-415F-BDCA-3B2AA38A7BBB}.Debug.Build.0 = Debug|.NET
		{341A1F4D-289C-415F-BDCA-3B2AA38A7BBB}.Release.ActiveCfg = Release|.NET
		{341A1F4D-289C-415F-BDCA-3B2AA38A7BBB}.Release.Build.0 = Release|.NET
		{BA30B295-66F0-4C15-84C7-41B9C6BE6131}.Debug.ActiveCfg = Debug|.NET
		{BA30B295-66F0-4C15-84C7-41B9C6BE6131}.Debug.Build.0 = Debug|.NET
		{BA30B295-66F0-4C15-84C7-41B9C6BE6131}.Release.ActiveCfg = Release|.NET
		{BA30B295-66F0-4C15-84C7-41B9C6BE6131}.Release.Build.0 = Release|.NET
		{415DEA3C-8AF4-4447-9A48-F54EC50C5780}.Debug.ActiveCfg = Debug|.NET
		{415DEA3C-8AF4-4447-9A48-F54EC50C5780}.Debug.Build.0 = Debug|.NET
		{415DEA3C-8AF4-4447-9A48-F54EC50C5780}.Release.ActiveCfg = Release|.NET
		{415DEA3C-8AF4-4447-9A48-F54EC50C5780}.Release.Build.0 = Release|.NET
		{99F4E694-730F-472A-9420-05716E071CCA}.Debug.ActiveCfg = Debug|.NET
		{99F4E694-730F-472A-9420-05716E071CCA}.Debug.Build.0 = Debug|.NET
		{99F4E694-730F-472A-9420-05716E071CCA}.Release.ActiveCfg = Release|.NET
		{99F4E694-730F-472A-9420-05716E071CCA}.Release.Build.0 = Release|.NET
	EndGlobalSection
	GlobalSection(ExtensibilityGlobals) = postSolution
	EndGlobalSection
	GlobalSection(ExtensibilityAddIns) = postSolution
	EndGlobalSection
EndGlobal
